<?xml version="1.0" encoding="UTF-8"?>
<CONFIG>
  <ProjectOptions>
    <Version Value="12"/>
    <General>
      <Flags>
        <MainUnitHasCreateFormStatements Value="False"/>
        <CompatibilityMode Value="True"/>
      </Flags>
      <SessionStorage Value="InProjectDir"/>
      <Title Value="packagemanager"/>
      <UseAppBundle Value="False"/>
      <ResourceType Value="res"/>
    </General>
    <BuildModes Count="1">
      <Item1 Name="Default" Default="True"/>
    </BuildModes>
    <PublishOptions>
      <Version Value="2"/>
    </PublishOptions>
    <RunParams>
      <local>
        <CommandLineParams Value="-e"/>
      </local>
      <FormatVersion Value="2"/>
      <Modes Count="1">
        <Mode0 Name="default">
          <local>
            <CommandLineParams Value="-e"/>
          </local>
        </Mode0>
      </Modes>
    </RunParams>
    <RequiredPackages Count="2">
      <Item1>
        <PackageName Value="fprPackage"/>
      </Item1>
      <Item2>
        <PackageName Value="DCServer"/>
      </Item2>
    </RequiredPackages>
    <Units Count="7">
      <Unit0>
        <Filename Value="packagemanager.lpr"/>
        <IsPartOfProject Value="True"/>
      </Unit0>
      <Unit1>
        <Filename Value="pmpackagewebmodule.pas"/>
        <IsPartOfProject Value="True"/>
        <ComponentName Value="pmPackageWM"/>
        <HasResources Value="True"/>
        <ResourceBaseClass Value="DataModule"/>
        <UnitName Value="pmPackageWebModule"/>
      </Unit1>
      <Unit2>
        <Filename Value="pmpackage.pas"/>
        <IsPartOfProject Value="True"/>
        <UnitName Value="pmPackage"/>
      </Unit2>
      <Unit3>
        <Filename Value="pmerrorhandling.pas"/>
        <IsPartOfProject Value="True"/>
        <UnitName Value="pmErrorHandling"/>
      </Unit3>
      <Unit4>
        <Filename Value="pmpackagejsonstreaming.pas"/>
        <IsPartOfProject Value="True"/>
        <UnitName Value="pmPackageJSonStreaming"/>
      </Unit4>
      <Unit5>
        <Filename Value="pmfunctionswm.pas"/>
        <IsPartOfProject Value="True"/>
        <ComponentName Value="pmFunctionsWM"/>
        <HasResources Value="True"/>
        <ResourceBaseClass Value="DataModule"/>
        <UnitName Value="pmFunctionsWM"/>
      </Unit5>
      <Unit6>
        <Filename Value="pmfpcversionwebmodule.pas"/>
        <IsPartOfProject Value="True"/>
        <ComponentName Value="pmFPCVersionWM"/>
        <HasResources Value="True"/>
        <ResourceBaseClass Value="DataModule"/>
        <UnitName Value="pmFPCVersionWebModule"/>
      </Unit6>
    </Units>
  </ProjectOptions>
  <CompilerOptions>
    <Version Value="11"/>
    <Target>
      <Filename Value="packagemanager"/>
    </Target>
    <SearchPaths>
      <IncludeFiles Value="$(ProjOutDir)"/>
      <UnitOutputDirectory Value="lib/$(TargetCPU)-$(TargetOS)"/>
    </SearchPaths>
  </CompilerOptions>
  <Debugging>
    <Exceptions Count="4">
      <Item1>
        <Name Value="EAbort"/>
      </Item1>
      <Item2>
        <Name Value="ECodetoolError"/>
      </Item2>
      <Item3>
        <Name Value="EFOpenError"/>
      </Item3>
      <Item4>
        <Name Value="EResNotFound"/>
      </Item4>
    </Exceptions>
  </Debugging>
</CONFIG>
