<?xml version="1.0"?>
<CONFIG>
  <ProjectOptions>
    <PathDelim Value="/"/>
    <Version Value="6"/>
    <General>
      <MainUnit Value="0"/>
      <IconPath Value="./"/>
      <TargetFileExt Value=""/>
      <ActiveEditorIndexAtStart Value="0"/>
    </General>
    <VersionInfo>
      <ProjectVersion Value=""/>
      <Language Value=""/>
      <CharSet Value=""/>
    </VersionInfo>
    <PublishOptions>
      <Version Value="2"/>
      <IgnoreBinaries Value="False"/>
      <IncludeFileFilter Value="*.(pas|pp|inc|lfm|lpr|lrs|lpi|lpk|sh|xml)"/>
      <ExcludeFileFilter Value="*.(bak|ppu|ppw|o|so);*~;backup"/>
    </PublishOptions>
    <RunParams>
      <local>
        <FormatVersion Value="1"/>
        <LaunchingApplication PathPlusParams="/usr/X11R6/bin/xterm -T 'Lazarus Run Output' -e $(LazarusDir)/tools/runwait.sh $(TargetCmdLine)"/>
      </local>
    </RunParams>
    <RequiredPackages Count="2">
      <Item1>
        <PackageName Value="LCL"/>
      </Item1>
      <Item2>
        <PackageName Value="lnetvisual"/>
        <MinVersion Minor="6" Valid="True"/>
      </Item2>
    </RequiredPackages>
    <Units Count="5">
      <Unit0>
        <Filename Value="telnet.lpr"/>
        <IsPartOfProject Value="True"/>
        <UnitName Value="telnet"/>
        <CursorPos X="47" Y="15"/>
        <TopLine Value="1"/>
        <UsageCount Value="20"/>
      </Unit0>
      <Unit1>
        <Filename Value="main.pas"/>
        <ComponentName Value="FormMain"/>
        <IsPartOfProject Value="True"/>
        <ResourceFilename Value="main.lrs"/>
        <UnitName Value="main"/>
        <CursorPos X="1" Y="87"/>
        <TopLine Value="85"/>
        <EditorIndex Value="0"/>
        <UsageCount Value="20"/>
        <Loaded Value="True"/>
      </Unit1>
      <Unit2>
        <Filename Value="../../console/ltelnet/ltclient.pp"/>
        <UnitName Value="ltclient"/>
        <CursorPos X="27" Y="6"/>
        <TopLine Value="1"/>
        <UsageCount Value="10"/>
      </Unit2>
      <Unit3>
        <Filename Value="../../../lazaruspackage/lnetcomponents.pas"/>
        <UnitName Value="lNetComponents"/>
        <CursorPos X="38" Y="69"/>
        <TopLine Value="56"/>
        <UsageCount Value="10"/>
      </Unit3>
      <Unit4>
        <Filename Value="../../../lib/ltelnet.pp"/>
        <UnitName Value="lTelnet"/>
        <CursorPos X="16" Y="114"/>
        <TopLine Value="101"/>
        <UsageCount Value="10"/>
      </Unit4>
    </Units>
    <JumpHistory Count="6" HistoryIndex="5">
      <Position1>
        <Filename Value="main.pas"/>
        <Caret Line="21" Column="21" TopLine="13"/>
      </Position1>
      <Position2>
        <Filename Value="main.pas"/>
        <Caret Line="24" Column="26" TopLine="9"/>
      </Position2>
      <Position3>
        <Filename Value="main.pas"/>
        <Caret Line="25" Column="26" TopLine="9"/>
      </Position3>
      <Position4>
        <Filename Value="main.pas"/>
        <Caret Line="26" Column="17" TopLine="9"/>
      </Position4>
      <Position5>
        <Filename Value="main.pas"/>
        <Caret Line="35" Column="51" TopLine="34"/>
      </Position5>
      <Position6>
        <Filename Value="main.pas"/>
        <Caret Line="36" Column="50" TopLine="35"/>
      </Position6>
    </JumpHistory>
  </ProjectOptions>
  <CompilerOptions>
    <Version Value="5"/>
    <CodeGeneration>
      <Generate Value="Faster"/>
    </CodeGeneration>
    <Linking>
      <Options>
        <Win32>
          <GraphicApplication Value="True"/>
        </Win32>
      </Options>
    </Linking>
    <Other>
      <CompilerPath Value="$(CompPath)"/>
    </Other>
  </CompilerOptions>
</CONFIG>
