<?xml version="1.0"?>
<CONFIG>
  <ProjectOptions>
    <Version Value="3"/>
    <General>
      <ProjectType Value="Program"/>
      <MainUnit Value="0"/>
      <ActiveEditorIndexAtStart Value="1"/>
      <IconPath Value="./"/>
      <TargetFileExt Value=""/>
      <Title Value="testsuite"/>
    </General>
    <JumpHistory Count="30" HistoryIndex="29">
      <Position1>
        <Filename Value="utests.pp"/>
        <Caret Line="77" Column="4" TopLine="63"/>
      </Position1>
      <Position2>
        <Filename Value="utests.pp"/>
        <Caret Line="53" Column="1" TopLine="39"/>
      </Position2>
      <Position3>
        <Filename Value="utests.pp"/>
        <Caret Line="72" Column="12" TopLine="57"/>
      </Position3>
      <Position4>
        <Filename Value="utests.pp"/>
        <Caret Line="57" Column="12" TopLine="41"/>
      </Position4>
      <Position5>
        <Filename Value="utests.pp"/>
        <Caret Line="82" Column="1" TopLine="53"/>
      </Position5>
      <Position6>
        <Filename Value="utests.pp"/>
        <Caret Line="23" Column="5" TopLine="2"/>
      </Position6>
      <Position7>
        <Filename Value="utests.pp"/>
        <Caret Line="251" Column="4" TopLine="236"/>
      </Position7>
      <Position8>
        <Filename Value="utests.pp"/>
        <Caret Line="280" Column="1" TopLine="267"/>
      </Position8>
      <Position9>
        <Filename Value="utests.pp"/>
        <Caret Line="25" Column="79" TopLine="6"/>
      </Position9>
      <Position10>
        <Filename Value="utests.pp"/>
        <Caret Line="259" Column="19" TopLine="244"/>
      </Position10>
      <Position11>
        <Filename Value="utests.pp"/>
        <Caret Line="295" Column="15" TopLine="271"/>
      </Position11>
      <Position12>
        <Filename Value="utests.pp"/>
        <Caret Line="284" Column="1" TopLine="269"/>
      </Position12>
      <Position13>
        <Filename Value="utests.pp"/>
        <Caret Line="306" Column="3" TopLine="291"/>
      </Position13>
      <Position14>
        <Filename Value="utests.pp"/>
        <Caret Line="118" Column="14" TopLine="114"/>
      </Position14>
      <Position15>
        <Filename Value="utests.pp"/>
        <Caret Line="26" Column="14" TopLine="25"/>
      </Position15>
      <Position16>
        <Filename Value="utests.pp"/>
        <Caret Line="285" Column="2" TopLine="258"/>
      </Position16>
      <Position17>
        <Filename Value="utests.pp"/>
        <Caret Line="269" Column="16" TopLine="253"/>
      </Position17>
      <Position18>
        <Filename Value="utests.pp"/>
        <Caret Line="281" Column="55" TopLine="266"/>
      </Position18>
      <Position19>
        <Filename Value="utests.pp"/>
        <Caret Line="152" Column="1" TopLine="128"/>
      </Position19>
      <Position20>
        <Filename Value="utests.pp"/>
        <Caret Line="399" Column="30" TopLine="376"/>
      </Position20>
      <Position21>
        <Filename Value="utests.pp"/>
        <Caret Line="96" Column="28" TopLine="66"/>
      </Position21>
      <Position22>
        <Filename Value="utests.pp"/>
        <Caret Line="159" Column="5" TopLine="159"/>
      </Position22>
      <Position23>
        <Filename Value="utests.pp"/>
        <Caret Line="31" Column="1" TopLine="1"/>
      </Position23>
      <Position24>
        <Filename Value="/home/michael/fixbranch/rtl/linux/syslinux.pp"/>
        <Caret Line="5" Column="1" TopLine="1"/>
      </Position24>
      <Position25>
        <Filename Value="/home/michael/fixbranch/rtl/unix/linux.pp"/>
        <Caret Line="1" Column="1" TopLine="1"/>
      </Position25>
      <Position26>
        <Filename Value="utests.pp"/>
        <Caret Line="333" Column="49" TopLine="306"/>
      </Position26>
      <Position27>
        <Filename Value="utests.pp"/>
        <Caret Line="391" Column="6" TopLine="372"/>
      </Position27>
      <Position28>
        <Filename Value="utests.pp"/>
        <Caret Line="42" Column="15" TopLine="31"/>
      </Position28>
      <Position29>
        <Filename Value="utests.pp"/>
        <Caret Line="367" Column="32" TopLine="356"/>
      </Position29>
      <Position30>
        <Filename Value="utests.pp"/>
        <Caret Line="440" Column="22" TopLine="424"/>
      </Position30>
    </JumpHistory>
    <Units Count="5">
      <Unit0>
        <CursorPos X="9" Y="16"/>
        <EditorIndex Value="0"/>
        <Filename Value="testsuite.pp"/>
        <IsPartOfProject Value="True"/>
        <Loaded Value="True"/>
        <TopLine Value="1"/>
        <UnitName Value="testsuite"/>
        <UsageCount Value="26"/>
      </Unit0>
      <Unit1>
        <CursorPos X="88" Y="441"/>
        <EditorIndex Value="1"/>
        <Filename Value="utests.pp"/>
        <IsPartOfProject Value="True"/>
        <Loaded Value="True"/>
        <TopLine Value="425"/>
        <UnitName Value="utests"/>
        <UsageCount Value="26"/>
      </Unit1>
      <Unit2>
        <CursorPos X="6" Y="136"/>
        <EditorIndex Value="4"/>
        <Filename Value="/home/michael/fixbranch/rtl/linux/syslinux.pp"/>
        <Loaded Value="True"/>
        <TopLine Value="106"/>
        <UnitName Value="SysLinux"/>
        <UsageCount Value="13"/>
      </Unit2>
      <Unit3>
        <CursorPos X="1" Y="1"/>
        <EditorIndex Value="3"/>
        <Filename Value="/home/michael/test.sql"/>
        <Loaded Value="True"/>
        <SyntaxHighlighter Value="None"/>
        <TopLine Value="1"/>
        <UsageCount Value="11"/>
      </Unit3>
      <Unit4>
        <CursorPos X="27" Y="23"/>
        <EditorIndex Value="2"/>
        <Filename Value="/home/michael/fixbranch/rtl/unix/linux.pp"/>
        <Loaded Value="True"/>
        <TopLine Value="1"/>
        <UnitName Value="Linux"/>
        <UsageCount Value="10"/>
      </Unit4>
    </Units>
    <PublishOptions>
      <Version Value="2"/>
      <IgnoreBinaries Value="False"/>
      <IncludeFileFilter Value="*.(pas|pp|inc|lfm|lpr|lrs|lpi|lpk|sh|xml)"/>
      <ExcludeFileFilter Value="*.(bak|ppu|ppw|o|so);*~;backup"/>
    </PublishOptions>
    <RunParams>
      <local>
        <FormatVersion Value="1"/>
        <LaunchingApplication PathPlusParams="/usr/X11R6/bin/xterm -T 'Lazarus Run Output' -e $(LazarusDir)/tools/runwait.sh $(TargetCmdLine)"/>
      </local>
    </RunParams>
  </ProjectOptions>
  <CompilerOptions>
    <Other>
      <CompilerPath Value="$(CompPath)"/>
    </Other>
  </CompilerOptions>
</CONFIG>
