<?xml version="1.0" encoding="UTF-8"?>
<CONFIG>
  <ProjectOptions>
    <Version Value="11"/>
    <General>
      <Flags>
        <MainUnitHasCreateFormStatements Value="False"/>
      </Flags>
      <SessionStorage Value="InProjectDir"/>
      <MainUnit Value="0"/>
      <Title Value="buildmanager"/>
      <UseAppBundle Value="False"/>
      <ResourceType Value="res"/>
    </General>
    <BuildModes Count="1">
      <Item1 Name="Default" Default="True"/>
    </BuildModes>
    <PublishOptions>
      <Version Value="2"/>
    </PublishOptions>
    <RunParams>
      <FormatVersion Value="2"/>
      <Modes Count="2">
        <Mode0 Name="default"/>
        <Mode1 Name="QA">
          <local>
            <CommandLineParams Value="-e"/>
          </local>
          <environment>
            <UserOverrides Count="4">
              <Variable0 Name="OIDC__OpenIDProviderURL" Value="http://localhost:4200/identityserver"/>
              <Variable1 Name="Connections__PackageManagerURL" Value="http://localhost:4200/packagemanager"/>
              <Variable2 Name="Connections__RepositoryURL" Value="http://localhost:4200/repository"/>
              <Variable3 Name="HTTP__AllowCorsOrigin" Value="http://localhost:4200"/>
            </UserOverrides>
          </environment>
        </Mode1>
      </Modes>
    </RunParams>
    <RequiredPackages Count="3">
      <Item1>
        <PackageName Value="fprPackage"/>
      </Item1>
      <Item2>
        <PackageName Value="WebLaz"/>
      </Item2>
      <Item3>
        <PackageName Value="FCL"/>
      </Item3>
    </RequiredPackages>
    <Units Count="4">
      <Unit0>
        <Filename Value="buildmanager.lpr"/>
        <IsPartOfProject Value="True"/>
      </Unit0>
      <Unit1>
        <Filename Value="bmbuildagentwebmodule.pas"/>
        <IsPartOfProject Value="True"/>
        <ComponentName Value="bmBuildWM"/>
        <HasResources Value="True"/>
        <ResourceBaseClass Value="DataModule"/>
        <UnitName Value="bmBuildAgentWebmodule"/>
      </Unit1>
      <Unit2>
        <Filename Value="bmbuildtaskwebmodule.pas"/>
        <IsPartOfProject Value="True"/>
        <ComponentName Value="bmBuildTaskWM"/>
        <HasResources Value="True"/>
        <ResourceBaseClass Value="DataModule"/>
        <UnitName Value="bmBuildTaskWebmodule"/>
      </Unit2>
      <Unit3>
        <Filename Value="bmhandleidleevents.pas"/>
        <IsPartOfProject Value="True"/>
        <UnitName Value="bmHandleIdleEvents"/>
      </Unit3>
    </Units>
  </ProjectOptions>
  <CompilerOptions>
    <Version Value="11"/>
    <Target>
      <Filename Value="buildmanager"/>
    </Target>
    <SearchPaths>
      <IncludeFiles Value="$(ProjOutDir)"/>
      <UnitOutputDirectory Value="lib/$(TargetCPU)-$(TargetOS)"/>
    </SearchPaths>
  </CompilerOptions>
  <Debugging>
    <Exceptions Count="4">
      <Item1>
        <Name Value="EAbort"/>
      </Item1>
      <Item2>
        <Name Value="ECodetoolError"/>
      </Item2>
      <Item3>
        <Name Value="EFOpenError"/>
      </Item3>
      <Item4>
        <Name Value="EResNotFound"/>
      </Item4>
    </Exceptions>
  </Debugging>
</CONFIG>
