<?xml version="1.0"?>
<CONFIG>
  <ProjectOptions>
    <PathDelim Value="/"/>
    <Version Value="5"/>
    <General>
      <MainUnit Value="0"/>
      <IconPath Value="./"/>
      <TargetFileExt Value=""/>
      <ActiveEditorIndexAtStart Value="0"/>
    </General>
    <LazDoc Paths=""/>
    <Units Count="10">
      <Unit0>
        <CursorPos X="27" Y="31"/>
        <EditorIndex Value="0"/>
        <Filename Value="lclient.pas"/>
        <IsPartOfProject Value="True"/>
        <Loaded Value="True"/>
        <TopLine Value="1"/>
        <UnitName Value="lclient"/>
        <UsageCount Value="22"/>
      </Unit0>
      <Unit1>
        <CursorPos X="27" Y="1218"/>
        <Filename Value="/home/ales/Documents/programming/fpc/networking/lnet/lnet.pas"/>
        <TopLine Value="1200"/>
        <UnitName Value="lNet"/>
        <UsageCount Value="10"/>
      </Unit1>
      <Unit2>
        <CursorPos X="1" Y="1"/>
        <Filename Value="/home/ales/lazarus/components/glscene/Source/Base/asynctimer.pas"/>
        <TopLine Value="1"/>
        <UnitName Value="asynctimer"/>
        <UsageCount Value="10"/>
      </Unit2>
      <Unit3>
        <CursorPos X="5" Y="21"/>
        <Filename Value="/home/ales/fpc/rtl/unix/baseunix.pp"/>
        <TopLine Value="4"/>
        <UnitName Value="baseunix"/>
        <UsageCount Value="10"/>
      </Unit3>
      <Unit4>
        <CursorPos X="11" Y="166"/>
        <Filename Value="/home/ales/fpc/rtl/inc/socketsh.inc"/>
        <TopLine Value="152"/>
        <UsageCount Value="10"/>
      </Unit4>
      <Unit5>
        <CursorPos X="9" Y="62"/>
        <Filename Value="/home/ales/fpc/rtl/freebsd/unxsockh.inc"/>
        <TopLine Value="47"/>
        <UsageCount Value="10"/>
      </Unit5>
      <Unit6>
        <CursorPos X="6" Y="94"/>
        <Filename Value="/home/ales/Documents/programming/fpc/networking/lnet/lfunc.inc"/>
        <TopLine Value="79"/>
        <UsageCount Value="10"/>
      </Unit6>
      <Unit7>
        <CursorPos X="1" Y="1"/>
        <Filename Value="/home/ales/fpc/rtl/unix/errors.pp"/>
        <TopLine Value="1"/>
        <UnitName Value="errors"/>
        <UsageCount Value="10"/>
      </Unit7>
      <Unit8>
        <CursorPos X="29" Y="457"/>
        <Filename Value="/home/ales/Documents/programming/fpc/networking/lnet/tomwinsock.pas"/>
        <TopLine Value="449"/>
        <UnitName Value="tomWINSOCK"/>
        <UsageCount Value="10"/>
      </Unit8>
      <Unit9>
        <CursorPos X="1" Y="1"/>
        <Filename Value="lclient.lpi"/>
        <SyntaxHighlighter Value="None"/>
        <TopLine Value="1"/>
        <UsageCount Value="10"/>
      </Unit9>
    </Units>
    <PublishOptions>
      <Version Value="2"/>
      <IgnoreBinaries Value="False"/>
      <IncludeFileFilter Value="*.(pas|pp|inc|lfm|lpr|lrs|lpi|lpk|sh|xml)"/>
      <ExcludeFileFilter Value="*.(bak|ppu|ppw|o|so);*~;backup"/>
    </PublishOptions>
    <RunParams>
      <local>
        <FormatVersion Value="1"/>
        <LaunchingApplication PathPlusParams="/usr/X11R6/bin/xterm -T 'Lazarus Run Output' -e $(LazarusDir)/tools/runwait.sh $(TargetCmdLine)"/>
      </local>
    </RunParams>
    <JumpHistory Count="0" HistoryIndex="-1"/>
  </ProjectOptions>
  <CompilerOptions>
    <Version Value="5"/>
    <SearchPaths>
      <IncludeFiles Value="../lnet/include/"/>
      <OtherUnitFiles Value="../lnet/"/>
      <SrcPath Value="../lnet/;../lnet/include/"/>
    </SearchPaths>
    <CodeGeneration>
      <Generate Value="Faster"/>
    </CodeGeneration>
    <Linking>
      <Debugging>
        <GenerateDebugInfo Value="True"/>
      </Debugging>
    </Linking>
    <Other>
      <CompilerPath Value="$(CompPath)"/>
    </Other>
  </CompilerOptions>
  <Debugging>
    <Exceptions Count="2">
      <Item1>
        <Name Value="ECodetoolError"/>
      </Item1>
      <Item2>
        <Name Value="EFOpenError"/>
      </Item2>
    </Exceptions>
  </Debugging>
</CONFIG>
