<?xml version="1.0"?>
<CONFIG>
  <ProjectOptions>
    <Version Value="7"/>
    <General>
      <Flags>
        <MainUnitHasUsesSectionForAllUnits Value="False"/>
        <MainUnitHasCreateFormStatements Value="False"/>
        <MainUnitHasTitleStatement Value="False"/>
        <LRSInOutputDirectory Value="False"/>
      </Flags>
      <MainUnit Value="0"/>
      <TargetFileExt Value=".exe"/>
      <ActiveEditorIndexAtStart Value="9"/>
    </General>
    <PublishOptions>
      <Version Value="2"/>
      <IgnoreBinaries Value="False"/>
      <IncludeFileFilter Value="*.(pas|pp|inc|lfm|lpr|lrs|lpi|lpk|sh|xml)"/>
      <ExcludeFileFilter Value="*.(bak|ppu|ppw|o|so);*~;backup"/>
    </PublishOptions>
    <RunParams>
      <local>
        <FormatVersion Value="1"/>
        <LaunchingApplication PathPlusParams="/usr/X11R6/bin/xterm -T 'Lazarus Run Output' -e $(LazarusDir)/tools/runwait.sh $(TargetCmdLine)"/>
      </local>
    </RunParams>
    <RequiredPackages Count="2">
      <Item1>
        <PackageName Value="GLSceneLazarus"/>
      </Item1>
      <Item2>
        <PackageName Value="LCL"/>
      </Item2>
    </RequiredPackages>
    <Units Count="32">
      <Unit0>
        <Filename Value="tobitmap.lpr"/>
        <IsPartOfProject Value="True"/>
        <CursorPos X="14" Y="6"/>
        <TopLine Value="1"/>
        <UsageCount Value="21"/>
      </Unit0>
      <Unit1>
        <Filename Value="Unit1.pas"/>
        <ComponentName Value="Form1"/>
        <HasResources Value="True"/>
        <ResourceBaseClass Value="Form"/>
        <UnitName Value="Unit1"/>
        <CursorPos X="45" Y="210"/>
        <TopLine Value="194"/>
        <UsageCount Value="10"/>
      </Unit1>
      <Unit2>
        <Filename Value="Unit2.pas"/>
        <ComponentName Value="Form2"/>
        <HasResources Value="True"/>
        <ResourceBaseClass Value="Form"/>
        <UnitName Value="Unit2"/>
        <CursorPos X="6" Y="12"/>
        <TopLine Value="2"/>
        <UsageCount Value="10"/>
      </Unit2>
      <Unit3>
        <Filename Value="../../../../../../../../../../lazarus/lcl/include/control.inc"/>
        <CursorPos X="23" Y="3154"/>
        <TopLine Value="3141"/>
        <UsageCount Value="10"/>
      </Unit3>
      <Unit4>
        <Filename Value="Unit2.lfm"/>
        <CursorPos X="3" Y="14"/>
        <TopLine Value="1"/>
        <UsageCount Value="10"/>
        <SyntaxHighlighter Value="LFM"/>
      </Unit4>
      <Unit5>
        <Filename Value="Unit1.lfm"/>
        <CursorPos X="8" Y="6"/>
        <TopLine Value="1"/>
        <UsageCount Value="10"/>
        <SyntaxHighlighter Value="LFM"/>
      </Unit5>
      <Unit6>
        <Filename Value="../../behaviours/dcedemo/unit1.pas"/>
        <ComponentName Value="Form1"/>
        <HasResources Value="True"/>
        <ResourceBaseClass Value="Form"/>
        <UnitName Value="Unit1"/>
        <CursorPos X="9" Y="21"/>
        <TopLine Value="8"/>
        <UsageCount Value="10"/>
      </Unit6>
      <Unit7>
        <Filename Value="../../behaviours/fpsmovement/unit1.pas"/>
        <ComponentName Value="Form1"/>
        <HasResources Value="True"/>
        <ResourceBaseClass Value="Form"/>
        <UnitName Value="Unit1"/>
        <CursorPos X="18" Y="24"/>
        <TopLine Value="10"/>
        <EditorIndex Value="0"/>
        <UsageCount Value="11"/>
        <Loaded Value="True"/>
      </Unit7>
      <Unit8>
        <Filename Value="../../behaviours/fpsmovement/unit1.lfm"/>
        <CursorPos X="13" Y="357"/>
        <TopLine Value="335"/>
        <UsageCount Value="10"/>
        <SyntaxHighlighter Value="LFM"/>
      </Unit8>
      <Unit9>
        <Filename Value="../../behaviours/pathcontrol/unit1.pas"/>
        <ComponentName Value="Form1"/>
        <HasResources Value="True"/>
        <ResourceBaseClass Value="Form"/>
        <UnitName Value="Unit1"/>
        <CursorPos X="40" Y="13"/>
        <TopLine Value="1"/>
        <UsageCount Value="11"/>
      </Unit9>
      <Unit10>
        <Filename Value="../../behaviours/torque/unit1.pas"/>
        <ComponentName Value="Form1"/>
        <HasResources Value="True"/>
        <ResourceBaseClass Value="Form"/>
        <UnitName Value="Unit1"/>
        <CursorPos X="30" Y="27"/>
        <TopLine Value="13"/>
        <UsageCount Value="11"/>
      </Unit10>
      <Unit11>
        <Filename Value="../../bench/canvas/Unit1.pas"/>
        <ComponentName Value="Form1"/>
        <HasResources Value="True"/>
        <ResourceBaseClass Value="Form"/>
        <UnitName Value="Unit1"/>
        <CursorPos X="23" Y="18"/>
        <TopLine Value="16"/>
        <UsageCount Value="11"/>
      </Unit11>
      <Unit12>
        <Filename Value="../../bench/megacube/Unit1.pas"/>
        <ComponentName Value="Form1"/>
        <HasResources Value="True"/>
        <ResourceBaseClass Value="Form"/>
        <UnitName Value="Unit1"/>
        <CursorPos X="14" Y="56"/>
        <TopLine Value="42"/>
        <UsageCount Value="11"/>
      </Unit12>
      <Unit13>
        <Filename Value="../../bench/megaglasscube/Unit1.pas"/>
        <ComponentName Value="Form1"/>
        <HasResources Value="True"/>
        <ResourceBaseClass Value="Form"/>
        <UnitName Value="Unit1"/>
        <CursorPos X="14" Y="30"/>
        <TopLine Value="16"/>
        <UsageCount Value="11"/>
      </Unit13>
      <Unit14>
        <Filename Value="../../bench/smoking/Unit1.pas"/>
        <ComponentName Value="Form1"/>
        <HasResources Value="True"/>
        <ResourceBaseClass Value="Form"/>
        <UnitName Value="Unit1"/>
        <CursorPos X="3" Y="18"/>
        <TopLine Value="4"/>
        <UsageCount Value="11"/>
      </Unit14>
      <Unit15>
        <Filename Value="../../bench/volcano/Unit1.pas"/>
        <ComponentName Value="Form1"/>
        <HasResources Value="True"/>
        <ResourceBaseClass Value="Form"/>
        <UnitName Value="Unit1"/>
        <CursorPos X="23" Y="32"/>
        <TopLine Value="18"/>
        <UsageCount Value="11"/>
      </Unit15>
      <Unit16>
        <Filename Value="../../bench/whirlwind/Unit1.pas"/>
        <ComponentName Value="Form1"/>
        <HasResources Value="True"/>
        <ResourceBaseClass Value="Form"/>
        <UnitName Value="Unit1"/>
        <CursorPos X="15" Y="45"/>
        <TopLine Value="31"/>
        <UsageCount Value="11"/>
      </Unit16>
      <Unit17>
        <Filename Value="../../cgshaders/cellshading/Unit1.pas"/>
        <HasResources Value="True"/>
        <UnitName Value="Unit1"/>
        <CursorPos X="23" Y="29"/>
        <TopLine Value="7"/>
        <UsageCount Value="11"/>
      </Unit17>
      <Unit18>
        <Filename Value="../../cgshaders/simple/Unit1.pas"/>
        <HasResources Value="True"/>
        <UnitName Value="Unit1"/>
        <CursorPos X="23" Y="19"/>
        <TopLine Value="1"/>
        <UsageCount Value="11"/>
      </Unit18>
      <Unit19>
        <Filename Value="../../cgshaders/texturing/Unit1.pas"/>
        <HasResources Value="True"/>
        <UnitName Value="Unit1"/>
        <CursorPos X="23" Y="17"/>
        <TopLine Value="1"/>
        <UsageCount Value="11"/>
      </Unit19>
      <Unit20>
        <Filename Value="../../collisions/boxedin/Unit1.pas"/>
        <ComponentName Value="Form1"/>
        <HasResources Value="True"/>
        <ResourceBaseClass Value="Form"/>
        <UnitName Value="Unit1"/>
        <CursorPos X="19" Y="19"/>
        <TopLine Value="5"/>
        <UsageCount Value="11"/>
      </Unit20>
      <Unit21>
        <Filename Value="../../collisions/facevsface/Unit1.pas"/>
        <HasResources Value="True"/>
        <UnitName Value="Unit1"/>
        <CursorPos X="30" Y="27"/>
        <TopLine Value="13"/>
        <UsageCount Value="10"/>
      </Unit21>
      <Unit22>
        <Filename Value="../../collisions/facevsface/Unit1.lfm"/>
        <CursorPos X="3" Y="10"/>
        <TopLine Value="1"/>
        <UsageCount Value="11"/>
        <SyntaxHighlighter Value="LFM"/>
      </Unit22>
      <Unit23>
        <Filename Value="../../collisions/meshhit/Unit1.pas"/>
        <ComponentName Value="Form1"/>
        <HasResources Value="True"/>
        <ResourceBaseClass Value="Form"/>
        <UnitName Value="Unit1"/>
        <CursorPos X="3" Y="15"/>
        <TopLine Value="1"/>
        <EditorIndex Value="1"/>
        <UsageCount Value="10"/>
        <Loaded Value="True"/>
      </Unit23>
      <Unit24>
        <Filename Value="../../collisions/octree/Unit1.pas"/>
        <ComponentName Value="Form1"/>
        <HasResources Value="True"/>
        <ResourceBaseClass Value="Form"/>
        <UnitName Value="Unit1"/>
        <CursorPos X="3" Y="21"/>
        <TopLine Value="7"/>
        <EditorIndex Value="2"/>
        <UsageCount Value="10"/>
        <Loaded Value="True"/>
      </Unit24>
      <Unit25>
        <Filename Value="../../collisions/raycast/Unit1.pas"/>
        <ComponentName Value="Form1"/>
        <HasResources Value="True"/>
        <ResourceBaseClass Value="Form"/>
        <UnitName Value="Unit1"/>
        <CursorPos X="14" Y="26"/>
        <TopLine Value="12"/>
        <EditorIndex Value="3"/>
        <UsageCount Value="10"/>
        <Loaded Value="True"/>
      </Unit25>
      <Unit26>
        <Filename Value="../../collisions/sphere/Unit1.pas"/>
        <ComponentName Value="Form1"/>
        <HasResources Value="True"/>
        <ResourceBaseClass Value="Form"/>
        <UnitName Value="Unit1"/>
        <CursorPos X="36" Y="16"/>
        <TopLine Value="2"/>
        <EditorIndex Value="4"/>
        <UsageCount Value="10"/>
        <Loaded Value="True"/>
      </Unit26>
      <Unit27>
        <Filename Value="../../extrusion/bendingcyl/Unit1.pas"/>
        <ComponentName Value="Form1"/>
        <HasResources Value="True"/>
        <ResourceBaseClass Value="Form"/>
        <UnitName Value="Unit1"/>
        <CursorPos X="27" Y="21"/>
        <TopLine Value="7"/>
        <EditorIndex Value="5"/>
        <UsageCount Value="10"/>
        <Loaded Value="True"/>
      </Unit27>
      <Unit28>
        <Filename Value="../../extrusion/cutoutstar/Unit1.pas"/>
        <ComponentName Value="Form1"/>
        <HasResources Value="True"/>
        <ResourceBaseClass Value="Form"/>
        <UnitName Value="Unit1"/>
        <CursorPos X="25" Y="23"/>
        <TopLine Value="9"/>
        <EditorIndex Value="6"/>
        <UsageCount Value="10"/>
        <Loaded Value="True"/>
      </Unit28>
      <Unit29>
        <Filename Value="../../extrusion/nutsnbolts/unit1.pas"/>
        <ComponentName Value="Form1"/>
        <HasResources Value="True"/>
        <ResourceBaseClass Value="Form"/>
        <UnitName Value="Unit1"/>
        <CursorPos X="3" Y="22"/>
        <TopLine Value="8"/>
        <EditorIndex Value="7"/>
        <UsageCount Value="10"/>
        <Loaded Value="True"/>
      </Unit29>
      <Unit30>
        <Filename Value="../../extrusion/pawn/Unit1.pas"/>
        <ComponentName Value="Form1"/>
        <HasResources Value="True"/>
        <ResourceBaseClass Value="Form"/>
        <UnitName Value="Unit1"/>
        <CursorPos X="3" Y="14"/>
        <TopLine Value="1"/>
        <EditorIndex Value="8"/>
        <UsageCount Value="10"/>
        <Loaded Value="True"/>
      </Unit30>
      <Unit31>
        <Filename Value="../../extrusion/pawn/unit1.lfm"/>
        <CursorPos X="3" Y="10"/>
        <TopLine Value="1"/>
        <EditorIndex Value="9"/>
        <UsageCount Value="10"/>
        <Loaded Value="True"/>
        <SyntaxHighlighter Value="LFM"/>
      </Unit31>
    </Units>
    <JumpHistory Count="10" HistoryIndex="9">
      <Position1>
        <Filename Value="../../behaviours/fpsmovement/unit1.pas"/>
        <Caret Line="1" Column="1" TopLine="1"/>
      </Position1>
      <Position2>
        <Filename Value="../../behaviours/fpsmovement/unit1.pas"/>
        <Caret Line="24" Column="18" TopLine="10"/>
      </Position2>
      <Position3>
        <Filename Value="../../collisions/meshhit/Unit1.pas"/>
        <Caret Line="1" Column="1" TopLine="1"/>
      </Position3>
      <Position4>
        <Filename Value="../../collisions/octree/Unit1.pas"/>
        <Caret Line="1" Column="1" TopLine="1"/>
      </Position4>
      <Position5>
        <Filename Value="../../collisions/raycast/Unit1.pas"/>
        <Caret Line="1" Column="1" TopLine="1"/>
      </Position5>
      <Position6>
        <Filename Value="../../collisions/sphere/Unit1.pas"/>
        <Caret Line="1" Column="1" TopLine="1"/>
      </Position6>
      <Position7>
        <Filename Value="../../extrusion/bendingcyl/Unit1.pas"/>
        <Caret Line="1" Column="1" TopLine="1"/>
      </Position7>
      <Position8>
        <Filename Value="../../extrusion/cutoutstar/Unit1.pas"/>
        <Caret Line="1" Column="1" TopLine="1"/>
      </Position8>
      <Position9>
        <Filename Value="../../extrusion/nutsnbolts/unit1.pas"/>
        <Caret Line="1" Column="1" TopLine="1"/>
      </Position9>
      <Position10>
        <Filename Value="../../extrusion/pawn/Unit1.pas"/>
        <Caret Line="1" Column="1" TopLine="1"/>
      </Position10>
    </JumpHistory>
  </ProjectOptions>
  <CompilerOptions>
    <Version Value="8"/>
    <SearchPaths>
      <SrcPath Value="$(LazarusDir)/lcl/;$(LazarusDir)/lcl/interfaces/$(LCLWidgetType)/"/>
    </SearchPaths>
    <Linking>
      <Options>
        <Win32>
          <GraphicApplication Value="True"/>
        </Win32>
      </Options>
    </Linking>
    <Other>
      <CompilerPath Value="$(CompPath)"/>
    </Other>
  </CompilerOptions>
  <Debugging>
    <Exceptions Count="2">
      <Item1>
        <Name Value="ECodetoolError"/>
      </Item1>
      <Item2>
        <Name Value="EFOpenError"/>
      </Item2>
    </Exceptions>
  </Debugging>
</CONFIG>
